
Microsoft Visual Studio Solution File, Format Version 12.00
# Visual Studio Version 17
VisualStudioVersion = 17.9.34728.123
MinimumVisualStudioVersion = 10.0.40219.1
Project("{FAE04EC0-301F-11D3-BF4B-00C04F79EFBC}") = "TheTheoryFarmAPI", "TheTheoryFarmAPI\TheTheoryFarmAPI.csproj", "{103B88B7-4DBF-4B81-8C7E-769E51055AA2}"
EndProject
Global
	GlobalSection(SolutionConfigurationPlatforms) = preSolution
		Debug|Any CPU = Debug|Any CPU
		Release|Any CPU = Release|Any CPU
	EndGlobalSection
	GlobalSection(ProjectConfigurationPlatforms) = postSolution
		{103B88B7-4DBF-4B81-8C7E-769E51055AA2}.Debug|Any CPU.ActiveCfg = Debug|Any CPU
		{103B88B7-4DBF-4B81-8C7E-769E51055AA2}.Debug|Any CPU.Build.0 = Debug|Any CPU
		{103B88B7-4DBF-4B81-8C7E-769E51055AA2}.Release|Any CPU.ActiveCfg = Release|Any CPU
		{103B88B7-4DBF-4B81-8C7E-769E51055AA2}.Release|Any CPU.Build.0 = Release|Any CPU
	EndGlobalSection
	GlobalSection(SolutionProperties) = preSolution
		HideSolutionNode = FALSE
	EndGlobalSection
	GlobalSection(ExtensibilityGlobals) = postSolution
		SolutionGuid = {1A0967AE-C5CE-490F-A570-548DFC65BE4A}
	EndGlobalSection
EndGlobal
